
Microsoft Visual Studio Solution File, Format Version 12.00
# Visual Studio Version 16
VisualStudioVersion = 16.0.32510.428
MinimumVisualStudioVersion = 10.0.40219.1
Project("{FAE04EC0-301F-11D3-BF4B-00C04F79EFBC}") = "JokesApp", "JokesApp\JokesApp.csproj", "{903CE53D-BFDA-46E0-9C5B-79FCD7ACE43E}"
EndProject
Global
	GlobalSection(SolutionConfigurationPlatforms) = preSolution
		Debug|Any CPU = Debug|Any CPU
		Release|Any CPU = Release|Any CPU
	EndGlobalSection
	GlobalSection(ProjectConfigurationPlatforms) = postSolution
		{903CE53D-BFDA-46E0-9C5B-79FCD7ACE43E}.Debug|Any CPU.ActiveCfg = Debug|Any CPU
		{903CE53D-BFDA-46E0-9C5B-79FCD7ACE43E}.Debug|Any CPU.Build.0 = Debug|Any CPU
		{903CE53D-BFDA-46E0-9C5B-79FCD7ACE43E}.Release|Any CPU.ActiveCfg = Release|Any CPU
		{903CE53D-BFDA-46E0-9C5B-79FCD7ACE43E}.Release|Any CPU.Build.0 = Release|Any CPU
	EndGlobalSection
	GlobalSection(SolutionProperties) = preSolution
		HideSolutionNode = FALSE
	EndGlobalSection
	GlobalSection(ExtensibilityGlobals) = postSolution
		SolutionGuid = {9BAA4BDE-2D10-40EC-9DCA-3309901EF9B9}
	EndGlobalSection
EndGlobal
